
Microsoft Visual Studio Solution File, Format Version 12.00
# Visual Studio Version 16
VisualStudioVersion = 16.0.31624.102
MinimumVisualStudioVersion = 10.0.40219.1
Project("{FAE04EC0-301F-11D3-BF4B-00C04F79EFBC}") = "Sofka_Prueba", "Sofka_Prueba.csproj", "{F33F0938-BF0D-494F-BABE-19526CC0A427}"
EndProject
Project("{2150E333-8FDC-42A3-9474-1A3956D46DE8}") = "Db", "Db", "{EA7DBD0A-F8AE-421A-9F45-728D7BB360E8}"
	ProjectSection(SolutionItems) = preProject
		..\..\..\OneDrive\Documentos\SQL Server Management Studio\Script_Sofka.sql = ..\..\..\OneDrive\Documentos\SQL Server Management Studio\Script_Sofka.sql
	EndProjectSection
EndProject
Global
	GlobalSection(SolutionConfigurationPlatforms) = preSolution
		Debug|Any CPU = Debug|Any CPU
		Release|Any CPU = Release|Any CPU
	EndGlobalSection
	GlobalSection(ProjectConfigurationPlatforms) = postSolution
		{F33F0938-BF0D-494F-BABE-19526CC0A427}.Debug|Any CPU.ActiveCfg = Debug|Any CPU
		{F33F0938-BF0D-494F-BABE-19526CC0A427}.Debug|Any CPU.Build.0 = Debug|Any CPU
		{F33F0938-BF0D-494F-BABE-19526CC0A427}.Release|Any CPU.ActiveCfg = Release|Any CPU
		{F33F0938-BF0D-494F-BABE-19526CC0A427}.Release|Any CPU.Build.0 = Release|Any CPU
	EndGlobalSection
	GlobalSection(SolutionProperties) = preSolution
		HideSolutionNode = FALSE
	EndGlobalSection
	GlobalSection(ExtensibilityGlobals) = postSolution
		SolutionGuid = {F8D8354C-422A-4CC5-B2C8-8B7FAE9DE60B}
	EndGlobalSection
EndGlobal
